// !$*UTF8*$!
{
	archiveVersion = 1;
	classes = {
	};
	objectVersion = 46;
	objects = {

/* Begin PBXBuildFile section */
		019F8F271AA87A3300A34F6C /* Agent.m in Sources */ = {isa = PBXBuildFile; fileRef = 019F8F261AA87A3300A34F6C /* Agent.m */; };
		01A5FC761AA47603004A45FB /* main.m in Sources */ = {isa = PBXBuildFile; fileRef = 01A5FC751AA47603004A45FB /* main.m */; };
		01A5FC791AA47603004A45FB /* AppDelegate.m in Sources */ = {isa = PBXBuildFile; fileRef = 01A5FC781AA47603004A45FB /* AppDelegate.m */; };
		01A5FC7C1AA47603004A45FB /* Malometer.xcdatamodeld in Sources */ = {isa = PBXBuildFile; fileRef = 01A5FC7A1AA47603004A45FB /* Malometer.xcdatamodeld */; };
		01A5FC7F1AA47603004A45FB /* MasterViewController.m in Sources */ = {isa = PBXBuildFile; fileRef = 01A5FC7E1AA47603004A45FB /* MasterViewController.m */; };
		01A5FC821AA47603004A45FB /* DetailViewController.m in Sources */ = {isa = PBXBuildFile; fileRef = 01A5FC811AA47603004A45FB /* DetailViewController.m */; };
		01A5FC851AA47603004A45FB /* Main.storyboard in Resources */ = {isa = PBXBuildFile; fileRef = 01A5FC831AA47603004A45FB /* Main.storyboard */; };
		01A5FC871AA47603004A45FB /* Images.xcassets in Resources */ = {isa = PBXBuildFile; fileRef = 01A5FC861AA47603004A45FB /* Images.xcassets */; };
		01A5FC8A1AA47603004A45FB /* LaunchScreen.xib in Resources */ = {isa = PBXBuildFile; fileRef = 01A5FC881AA47603004A45FB /* LaunchScreen.xib */; };
		01A5FCDF1AA4F924004A45FB /* Agent+Implementation.m in Sources */ = {isa = PBXBuildFile; fileRef = 01A5FCDE1AA4F924004A45FB /* Agent+Implementation.m */; };
		01BE8F0F1AA61E62008FD8FB /* AgentTests.m in Sources */ = {isa = PBXBuildFile; fileRef = 01BE8F0E1AA61E62008FD8FB /* AgentTests.m */; };
		01BE8F101AA6210C008FD8FB /* Malometer.xcdatamodeld in Sources */ = {isa = PBXBuildFile; fileRef = 01A5FC7A1AA47603004A45FB /* Malometer.xcdatamodeld */; };
		01D8443A1AA5CB2C00C88E6F /* FreakType.m in Sources */ = {isa = PBXBuildFile; fileRef = 01D844391AA5CB2C00C88E6F /* FreakType.m */; };
		01D8443D1AA5CB2D00C88E6F /* Domain.m in Sources */ = {isa = PBXBuildFile; fileRef = 01D8443C1AA5CB2D00C88E6F /* Domain.m */; };
		01D844431AA5D44300C88E6F /* Domain+Implementation.m in Sources */ = {isa = PBXBuildFile; fileRef = 01D844421AA5D44300C88E6F /* Domain+Implementation.m */; };
		01D844461AA5DE7000C88E6F /* FreakType+Implementation.m in Sources */ = {isa = PBXBuildFile; fileRef = 01D844451AA5DE7000C88E6F /* FreakType+Implementation.m */; };
		01D844481AA5FB4A00C88E6F /* AppDelegateTest.m in Sources */ = {isa = PBXBuildFile; fileRef = 01D844471AA5FB4A00C88E6F /* AppDelegateTest.m */; };
/* End PBXBuildFile section */

/* Begin PBXContainerItemProxy section */
		01A5FC901AA47603004A45FB /* PBXContainerItemProxy */ = {
			isa = PBXContainerItemProxy;
			containerPortal = 01A5FC681AA47603004A45FB /* Project object */;
			proxyType = 1;
			remoteGlobalIDString = 01A5FC6F1AA47603004A45FB;
			remoteInfo = Malometer;
		};
/* End PBXContainerItemProxy section */

/* Begin PBXFileReference section */
		019F8F241AA86FDF00A34F6C /* Malometer 1.1.0.xcdatamodel */ = {isa = PBXFileReference; lastKnownFileType = wrapper.xcdatamodel; path = "Malometer 1.1.0.xcdatamodel"; sourceTree = "<group>"; };
		019F8F251AA87A3300A34F6C /* Agent.h */ = {isa = PBXFileReference; fileEncoding = 4; lastKnownFileType = sourcecode.c.h; path = Agent.h; sourceTree = "<group>"; };
		019F8F261AA87A3300A34F6C /* Agent.m */ = {isa = PBXFileReference; fileEncoding = 4; lastKnownFileType = sourcecode.c.objc; path = Agent.m; sourceTree = "<group>"; };
		01A5FC701AA47603004A45FB /* Malometer.app */ = {isa = PBXFileReference; explicitFileType = wrapper.application; includeInIndex = 0; path = Malometer.app; sourceTree = BUILT_PRODUCTS_DIR; };
		01A5FC741AA47603004A45FB /* Info.plist */ = {isa = PBXFileReference; lastKnownFileType = text.plist.xml; path = Info.plist; sourceTree = "<group>"; };
		01A5FC751AA47603004A45FB /* main.m */ = {isa = PBXFileReference; lastKnownFileType = sourcecode.c.objc; path = main.m; sourceTree = "<group>"; };
		01A5FC771AA47603004A45FB /* AppDelegate.h */ = {isa = PBXFileReference; lastKnownFileType = sourcecode.c.h; path = AppDelegate.h; sourceTree = "<group>"; };
		01A5FC781AA47603004A45FB /* AppDelegate.m */ = {isa = PBXFileReference; lastKnownFileType = sourcecode.c.objc; path = AppDelegate.m; sourceTree = "<group>"; };
		01A5FC7B1AA47603004A45FB /* Malometer.xcdatamodel */ = {isa = PBXFileReference; lastKnownFileType = wrapper.xcdatamodel; path = Malometer.xcdatamodel; sourceTree = "<group>"; };
		01A5FC7D1AA47603004A45FB /* MasterViewController.h */ = {isa = PBXFileReference; lastKnownFileType = sourcecode.c.h; path = MasterViewController.h; sourceTree = "<group>"; };
		01A5FC7E1AA47603004A45FB /* MasterViewController.m */ = {isa = PBXFileReference; lastKnownFileType = sourcecode.c.objc; path = MasterViewController.m; sourceTree = "<group>"; };
		01A5FC801AA47603004A45FB /* DetailViewController.h */ = {isa = PBXFileReference; lastKnownFileType = sourcecode.c.h; path = DetailViewController.h; sourceTree = "<group>"; };
		01A5FC811AA47603004A45FB /* DetailViewController.m */ = {isa = PBXFileReference; lastKnownFileType = sourcecode.c.objc; path = DetailViewController.m; sourceTree = "<group>"; };
		01A5FC841AA47603004A45FB /* Base */ = {isa = PBXFileReference; lastKnownFileType = file.storyboard; name = Base; path = Base.lproj/Main.storyboard; sourceTree = "<group>"; };
		01A5FC861AA47603004A45FB /* Images.xcassets */ = {isa = PBXFileReference; lastKnownFileType = folder.assetcatalog; path = Images.xcassets; sourceTree = "<group>"; };
		01A5FC891AA47603004A45FB /* Base */ = {isa = PBXFileReference; lastKnownFileType = file.xib; name = Base; path = Base.lproj/LaunchScreen.xib; sourceTree = "<group>"; };
		01A5FC8F1AA47603004A45FB /* MalometerTests.xctest */ = {isa = PBXFileReference; explicitFileType = wrapper.cfbundle; includeInIndex = 0; path = MalometerTests.xctest; sourceTree = BUILT_PRODUCTS_DIR; };
		01A5FC941AA47603004A45FB /* Info.plist */ = {isa = PBXFileReference; lastKnownFileType = text.plist.xml; path = Info.plist; sourceTree = "<group>"; };
		01A5FCA21AA48DAF004A45FB /* DetailViewProtocol.h */ = {isa = PBXFileReference; fileEncoding = 4; lastKnownFileType = sourcecode.c.h; path = DetailViewProtocol.h; sourceTree = "<group>"; };
		01A5FCDD1AA4F924004A45FB /* Agent+Implementation.h */ = {isa = PBXFileReference; fileEncoding = 4; lastKnownFileType = sourcecode.c.h; path = "Agent+Implementation.h"; sourceTree = "<group>"; };
		01A5FCDE1AA4F924004A45FB /* Agent+Implementation.m */ = {isa = PBXFileReference; fileEncoding = 4; lastKnownFileType = sourcecode.c.objc; path = "Agent+Implementation.m"; sourceTree = "<group>"; };
		01BE8F0E1AA61E62008FD8FB /* AgentTests.m */ = {isa = PBXFileReference; fileEncoding = 4; lastKnownFileType = sourcecode.c.objc; path = AgentTests.m; sourceTree = "<group>"; };
		01D844381AA5CB2C00C88E6F /* FreakType.h */ = {isa = PBXFileReference; fileEncoding = 4; lastKnownFileType = sourcecode.c.h; path = FreakType.h; sourceTree = "<group>"; };
		01D844391AA5CB2C00C88E6F /* FreakType.m */ = {isa = PBXFileReference; fileEncoding = 4; lastKnownFileType = sourcecode.c.objc; path = FreakType.m; sourceTree = "<group>"; };
		01D8443B1AA5CB2D00C88E6F /* Domain.h */ = {isa = PBXFileReference; fileEncoding = 4; lastKnownFileType = sourcecode.c.h; path = Domain.h; sourceTree = "<group>"; };
		01D8443C1AA5CB2D00C88E6F /* Domain.m */ = {isa = PBXFileReference; fileEncoding = 4; lastKnownFileType = sourcecode.c.objc; path = Domain.m; sourceTree = "<group>"; };
		01D844411AA5D44300C88E6F /* Domain+Implementation.h */ = {isa = PBXFileReference; fileEncoding = 4; lastKnownFileType = sourcecode.c.h; path = "Domain+Implementation.h"; sourceTree = "<group>"; };
		01D844421AA5D44300C88E6F /* Domain+Implementation.m */ = {isa = PBXFileReference; fileEncoding = 4; lastKnownFileType = sourcecode.c.objc; path = "Domain+Implementation.m"; sourceTree = "<group>"; };
		01D844441AA5DE7000C88E6F /* FreakType+Implementation.h */ = {isa = PBXFileReference; fileEncoding = 4; lastKnownFileType = sourcecode.c.h; path = "FreakType+Implementation.h"; sourceTree = "<group>"; };
		01D844451AA5DE7000C88E6F /* FreakType+Implementation.m */ = {isa = PBXFileReference; fileEncoding = 4; lastKnownFileType = sourcecode.c.objc; path = "FreakType+Implementation.m"; sourceTree = "<group>"; };
		01D844471AA5FB4A00C88E6F /* AppDelegateTest.m */ = {isa = PBXFileReference; fileEncoding = 4; lastKnownFileType = sourcecode.c.objc; path = AppDelegateTest.m; sourceTree = "<group>"; };
/* End PBXFileReference section */

/* Begin PBXFrameworksBuildPhase section */
		01A5FC6D1AA47603004A45FB /* Frameworks */ = {
			isa = PBXFrameworksBuildPhase;
			buildActionMask = 2147483647;
			files = (
			);
			runOnlyForDeploymentPostprocessing = 0;
		};
		01A5FC8C1AA47603004A45FB /* Frameworks */ = {
			isa = PBXFrameworksBuildPhase;
			buildActionMask = 2147483647;
			files = (
			);
			runOnlyForDeploymentPostprocessing = 0;
		};
/* End PBXFrameworksBuildPhase section */

/* Begin PBXGroup section */
		01A5FC671AA47603004A45FB = {
			isa = PBXGroup;
			children = (
				01A5FC721AA47603004A45FB /* Malometer */,
				01A5FC921AA47603004A45FB /* MalometerTests */,
				01A5FC711AA47603004A45FB /* Products */,
			);
			sourceTree = "<group>";
		};
		01A5FC711AA47603004A45FB /* Products */ = {
			isa = PBXGroup;
			children = (
				01A5FC701AA47603004A45FB /* Malometer.app */,
				01A5FC8F1AA47603004A45FB /* MalometerTests.xctest */,
			);
			name = Products;
			sourceTree = "<group>";
		};
		01A5FC721AA47603004A45FB /* Malometer */ = {
			isa = PBXGroup;
			children = (
				01A5FC771AA47603004A45FB /* AppDelegate.h */,
				01A5FC781AA47603004A45FB /* AppDelegate.m */,
				01A5FC7D1AA47603004A45FB /* MasterViewController.h */,
				01A5FC7E1AA47603004A45FB /* MasterViewController.m */,
				01A5FCA21AA48DAF004A45FB /* DetailViewProtocol.h */,
				01A5FC801AA47603004A45FB /* DetailViewController.h */,
				01A5FC811AA47603004A45FB /* DetailViewController.m */,
				01A5FC831AA47603004A45FB /* Main.storyboard */,
				01A5FC861AA47603004A45FB /* Images.xcassets */,
				01A5FC881AA47603004A45FB /* LaunchScreen.xib */,
				01A5FC7A1AA47603004A45FB /* Malometer.xcdatamodeld */,
				01D844371AA5C1CA00C88E6F /* Model */,
				01A5FC731AA47603004A45FB /* Supporting Files */,
			);
			path = Malometer;
			sourceTree = "<group>";
		};
		01A5FC731AA47603004A45FB /* Supporting Files */ = {
			isa = PBXGroup;
			children = (
				01A5FC741AA47603004A45FB /* Info.plist */,
				01A5FC751AA47603004A45FB /* main.m */,
			);
			name = "Supporting Files";
			sourceTree = "<group>";
		};
		01A5FC921AA47603004A45FB /* MalometerTests */ = {
			isa = PBXGroup;
			children = (
				01A5FC931AA47603004A45FB /* Supporting Files */,
				01D844471AA5FB4A00C88E6F /* AppDelegateTest.m */,
				01BE8F0E1AA61E62008FD8FB /* AgentTests.m */,
			);
			path = MalometerTests;
			sourceTree = "<group>";
		};
		01A5FC931AA47603004A45FB /* Supporting Files */ = {
			isa = PBXGroup;
			children = (
				01A5FC941AA47603004A45FB /* Info.plist */,
			);
			name = "Supporting Files";
			sourceTree = "<group>";
		};
		01D844371AA5C1CA00C88E6F /* Model */ = {
			isa = PBXGroup;
			children = (
				019F8F251AA87A3300A34F6C /* Agent.h */,
				019F8F261AA87A3300A34F6C /* Agent.m */,
				01D8443B1AA5CB2D00C88E6F /* Domain.h */,
				01D8443C1AA5CB2D00C88E6F /* Domain.m */,
				01D844381AA5CB2C00C88E6F /* FreakType.h */,
				01D844391AA5CB2C00C88E6F /* FreakType.m */,
				01A5FCDD1AA4F924004A45FB /* Agent+Implementation.h */,
				01A5FCDE1AA4F924004A45FB /* Agent+Implementation.m */,
				01D844411AA5D44300C88E6F /* Domain+Implementation.h */,
				01D844421AA5D44300C88E6F /* Domain+Implementation.m */,
				01D844441AA5DE7000C88E6F /* FreakType+Implementation.h */,
				01D844451AA5DE7000C88E6F /* FreakType+Implementation.m */,
			);
			name = Model;
			sourceTree = "<group>";
		};
/* End PBXGroup section */

/* Begin PBXNativeTarget section */
		01A5FC6F1AA47603004A45FB /* Malometer */ = {
			isa = PBXNativeTarget;
			buildConfigurationList = 01A5FC991AA47603004A45FB /* Build configuration list for PBXNativeTarget "Malometer" */;
			buildPhases = (
				01A5FC6C1AA47603004A45FB /* Sources */,
				01A5FC6D1AA47603004A45FB /* Frameworks */,
				01A5FC6E1AA47603004A45FB /* Resources */,
			);
			buildRules = (
			);
			dependencies = (
			);
			name = Malometer;
			productName = Malometer;
			productReference = 01A5FC701AA47603004A45FB /* Malometer.app */;
			productType = "com.apple.product-type.application";
		};
		01A5FC8E1AA47603004A45FB /* MalometerTests */ = {
			isa = PBXNativeTarget;
			buildConfigurationList = 01A5FC9C1AA47603004A45FB /* Build configuration list for PBXNativeTarget "MalometerTests" */;
			buildPhases = (
				01A5FC8B1AA47603004A45FB /* Sources */,
				01A5FC8C1AA47603004A45FB /* Frameworks */,
				01A5FC8D1AA47603004A45FB /* Resources */,
			);
			buildRules = (
			);
			dependencies = (
				01A5FC911AA47603004A45FB /* PBXTargetDependency */,
			);
			name = MalometerTests;
			productName = MalometerTests;
			productReference = 01A5FC8F1AA47603004A45FB /* MalometerTests.xctest */;
			productType = "com.apple.product-type.bundle.unit-test";
		};
/* End PBXNativeTarget section */

/* Begin PBXProject section */
		01A5FC681AA47603004A45FB /* Project object */ = {
			isa = PBXProject;
			attributes = {
				LastUpgradeCheck = 0610;
				ORGANIZATIONNAME = IronHack;
				TargetAttributes = {
					01A5FC6F1AA47603004A45FB = {
						CreatedOnToolsVersion = 6.1.1;
					};
					01A5FC8E1AA47603004A45FB = {
						CreatedOnToolsVersion = 6.1.1;
						TestTargetID = 01A5FC6F1AA47603004A45FB;
					};
				};
			};
			buildConfigurationList = 01A5FC6B1AA47603004A45FB /* Build configuration list for PBXProject "Malometer" */;
			compatibilityVersion = "Xcode 3.2";
			developmentRegion = English;
			hasScannedForEncodings = 0;
			knownRegions = (
				en,
				Base,
			);
			mainGroup = 01A5FC671AA47603004A45FB;
			productRefGroup = 01A5FC711AA47603004A45FB /* Products */;
			projectDirPath = "";
			projectRoot = "";
			targets = (
				01A5FC6F1AA47603004A45FB /* Malometer */,
				01A5FC8E1AA47603004A45FB /* MalometerTests */,
			);
		};
/* End PBXProject section */

/* Begin PBXResourcesBuildPhase section */
		01A5FC6E1AA47603004A45FB /* Resources */ = {
			isa = PBXResourcesBuildPhase;
			buildActionMask = 2147483647;
			files = (
				01A5FC851AA47603004A45FB /* Main.storyboard in Resources */,
				01A5FC8A1AA47603004A45FB /* LaunchScreen.xib in Resources */,
				01A5FC871AA47603004A45FB /* Images.xcassets in Resources */,
			);
			runOnlyForDeploymentPostprocessing = 0;
		};
		01A5FC8D1AA47603004A45FB /* Resources */ = {
			isa = PBXResourcesBuildPhase;
			buildActionMask = 2147483647;
			files = (
			);
			runOnlyForDeploymentPostprocessing = 0;
		};
/* End PBXResourcesBuildPhase section */

/* Begin PBXSourcesBuildPhase section */
		01A5FC6C1AA47603004A45FB /* Sources */ = {
			isa = PBXSourcesBuildPhase;
			buildActionMask = 2147483647;
			files = (
				01D8443A1AA5CB2C00C88E6F /* FreakType.m in Sources */,
				01A5FC821AA47603004A45FB /* DetailViewController.m in Sources */,
				01A5FC7F1AA47603004A45FB /* MasterViewController.m in Sources */,
				01D8443D1AA5CB2D00C88E6F /* Domain.m in Sources */,
				01D844431AA5D44300C88E6F /* Domain+Implementation.m in Sources */,
				019F8F271AA87A3300A34F6C /* Agent.m in Sources */,
				01A5FC791AA47603004A45FB /* AppDelegate.m in Sources */,
				01A5FCDF1AA4F924004A45FB /* Agent+Implementation.m in Sources */,
				01A5FC761AA47603004A45FB /* main.m in Sources */,
				01D844461AA5DE7000C88E6F /* FreakType+Implementation.m in Sources */,
				01A5FC7C1AA47603004A45FB /* Malometer.xcdatamodeld in Sources */,
			);
			runOnlyForDeploymentPostprocessing = 0;
		};
		01A5FC8B1AA47603004A45FB /* Sources */ = {
			isa = PBXSourcesBuildPhase;
			buildActionMask = 2147483647;
			files = (
				01D844481AA5FB4A00C88E6F /* AppDelegateTest.m in Sources */,
				01BE8F0F1AA61E62008FD8FB /* AgentTests.m in Sources */,
				01BE8F101AA6210C008FD8FB /* Malometer.xcdatamodeld in Sources */,
			);
			runOnlyForDeploymentPostprocessing = 0;
		};
/* End PBXSourcesBuildPhase section */

/* Begin PBXTargetDependency section */
		01A5FC911AA47603004A45FB /* PBXTargetDependency */ = {
			isa = PBXTargetDependency;
			target = 01A5FC6F1AA47603004A45FB /* Malometer */;
			targetProxy = 01A5FC901AA47603004A45FB /* PBXContainerItemProxy */;
		};
/* End PBXTargetDependency section */

/* Begin PBXVariantGroup section */
		01A5FC831AA47603004A45FB /* Main.storyboard */ = {
			isa = PBXVariantGroup;
			children = (
				01A5FC841AA47603004A45FB /* Base */,
			);
			name = Main.storyboard;
			sourceTree = "<group>";
		};
		01A5FC881AA47603004A45FB /* LaunchScreen.xib */ = {
			isa = PBXVariantGroup;
			children = (
				01A5FC891AA47603004A45FB /* Base */,
			);
			name = LaunchScreen.xib;
			sourceTree = "<group>";
		};
/* End PBXVariantGroup section */

/* Begin XCBuildConfiguration section */
		01A5FC971AA47603004A45FB /* Debug */ = {
			isa = XCBuildConfiguration;
			buildSettings = {
				ALWAYS_SEARCH_USER_PATHS = NO;
				CLANG_CXX_LANGUAGE_STANDARD = "gnu++0x";
				CLANG_CXX_LIBRARY = "libc++";
				CLANG_ENABLE_MODULES = YES;
				CLANG_ENABLE_OBJC_ARC = YES;
				CLANG_WARN_BOOL_CONVERSION = YES;
				CLANG_WARN_CONSTANT_CONVERSION = YES;
				CLANG_WARN_DIRECT_OBJC_ISA_USAGE = YES_ERROR;
				CLANG_WARN_EMPTY_BODY = YES;
				CLANG_WARN_ENUM_CONVERSION = YES;
				CLANG_WARN_INT_CONVERSION = YES;
				CLANG_WARN_OBJC_ROOT_CLASS = YES_ERROR;
				CLANG_WARN_UNREACHABLE_CODE = YES;
				CLANG_WARN__DUPLICATE_METHOD_MATCH = YES;
				"CODE_SIGN_IDENTITY[sdk=iphoneos*]" = "iPhone Developer";
				COPY_PHASE_STRIP = NO;
				ENABLE_STRICT_OBJC_MSGSEND = YES;
				GCC_C_LANGUAGE_STANDARD = gnu99;
				GCC_DYNAMIC_NO_PIC = NO;
				GCC_OPTIMIZATION_LEVEL = 0;
				GCC_PREPROCESSOR_DEFINITIONS = (
					"DEBUG=1",
					"$(inherited)",
				);
				GCC_SYMBOLS_PRIVATE_EXTERN = NO;
				GCC_WARN_64_TO_32_BIT_CONVERSION = YES;
				GCC_WARN_ABOUT_RETURN_TYPE = YES_ERROR;
				GCC_WARN_UNDECLARED_SELECTOR = YES;
				GCC_WARN_UNINITIALIZED_AUTOS = YES_AGGRESSIVE;
				GCC_WARN_UNUSED_FUNCTION = YES;
				GCC_WARN_UNUSED_VARIABLE = YES;
				IPHONEOS_DEPLOYMENT_TARGET = 8.1;
				MTL_ENABLE_DEBUG_INFO = YES;
				ONLY_ACTIVE_ARCH = YES;
				SDKROOT = iphoneos;
			};
			name = Debug;
		};
		01A5FC981AA47603004A45FB /* Release */ = {
			isa = XCBuildConfiguration;
			buildSettings = {
				ALWAYS_SEARCH_USER_PATHS = NO;
				CLANG_CXX_LANGUAGE_STANDARD = "gnu++0x";
				CLANG_CXX_LIBRARY = "libc++";
				CLANG_ENABLE_MODULES = YES;
				CLANG_ENABLE_OBJC_ARC = YES;
				CLANG_WARN_BOOL_CONVERSION = YES;
				CLANG_WARN_CONSTANT_CONVERSION = YES;
				CLANG_WARN_DIRECT_OBJC_ISA_USAGE = YES_ERROR;
				CLANG_WARN_EMPTY_BODY = YES;
				CLANG_WARN_ENUM_CONVERSION = YES;
				CLANG_WARN_INT_CONVERSION = YES;
				CLANG_WARN_OBJC_ROOT_CLASS = YES_ERROR;
				CLANG_WARN_UNREACHABLE_CODE = YES;
				CLANG_WARN__DUPLICATE_METHOD_MATCH = YES;
				"CODE_SIGN_IDENTITY[sdk=iphoneos*]" = "iPhone Developer";
				COPY_PHASE_STRIP = YES;
				ENABLE_NS_ASSERTIONS = NO;
				ENABLE_STRICT_OBJC_MSGSEND = YES;
				GCC_C_LANGUAGE_STANDARD = gnu99;
				GCC_WARN_64_TO_32_BIT_CONVERSION = YES;
				GCC_WARN_ABOUT_RETURN_TYPE = YES_ERROR;
				GCC_WARN_UNDECLARED_SELECTOR = YES;
				GCC_WARN_UNINITIALIZED_AUTOS = YES_AGGRESSIVE;
				GCC_WARN_UNUSED_FUNCTION = YES;
				GCC_WARN_UNUSED_VARIABLE = YES;
				IPHONEOS_DEPLOYMENT_TARGET = 8.1;
				MTL_ENABLE_DEBUG_INFO = NO;
				SDKROOT = iphoneos;
				VALIDATE_PRODUCT = YES;
			};
			name = Release;
		};
		01A5FC9A1AA47603004A45FB /* Debug */ = {
			isa = XCBuildConfiguration;
			buildSettings = {
				ASSETCATALOG_COMPILER_APPICON_NAME = AppIcon;
				INFOPLIST_FILE = Malometer/Info.plist;
				LD_RUNPATH_SEARCH_PATHS = "$(inherited) @executable_path/Frameworks";
				PRODUCT_NAME = "$(TARGET_NAME)";
			};
			name = Debug;
		};
		01A5FC9B1AA47603004A45FB /* Release */ = {
			isa = XCBuildConfiguration;
			buildSettings = {
				ASSETCATALOG_COMPILER_APPICON_NAME = AppIcon;
				INFOPLIST_FILE = Malometer/Info.plist;
				LD_RUNPATH_SEARCH_PATHS = "$(inherited) @executable_path/Frameworks";
				PRODUCT_NAME = "$(TARGET_NAME)";
			};
			name = Release;
		};
		01A5FC9D1AA47603004A45FB /* Debug */ = {
			isa = XCBuildConfiguration;
			buildSettings = {
				BUNDLE_LOADER = "$(TEST_HOST)";
				FRAMEWORK_SEARCH_PATHS = (
					"$(SDKROOT)/Developer/Library/Frameworks",
					"$(inherited)",
				);
				GCC_PREPROCESSOR_DEFINITIONS = (
					"DEBUG=1",
					"$(inherited)",
				);
				INFOPLIST_FILE = MalometerTests/Info.plist;
				LD_RUNPATH_SEARCH_PATHS = "$(inherited) @executable_path/Frameworks @loader_path/Frameworks";
				PRODUCT_NAME = "$(TARGET_NAME)";
				TEST_HOST = "$(BUILT_PRODUCTS_DIR)/Malometer.app/Malometer";
			};
			name = Debug;
		};
		01A5FC9E1AA47603004A45FB /* Release */ = {
			isa = XCBuildConfiguration;
			buildSettings = {
				BUNDLE_LOADER = "$(TEST_HOST)";
				FRAMEWORK_SEARCH_PATHS = (
					"$(SDKROOT)/Developer/Library/Frameworks",
					"$(inherited)",
				);
				INFOPLIST_FILE = MalometerTests/Info.plist;
				LD_RUNPATH_SEARCH_PATHS = "$(inherited) @executable_path/Frameworks @loader_path/Frameworks";
				PRODUCT_NAME = "$(TARGET_NAME)";
				TEST_HOST = "$(BUILT_PRODUCTS_DIR)/Malometer.app/Malometer";
			};
			name = Release;
		};
/* End XCBuildConfiguration section */

/* Begin XCConfigurationList section */
		01A5FC6B1AA47603004A45FB /* Build configuration list for PBXProject "Malometer" */ = {
			isa = XCConfigurationList;
			buildConfigurations = (
				01A5FC971AA47603004A45FB /* Debug */,
				01A5FC981AA47603004A45FB /* Release */,
			);
			defaultConfigurationIsVisible = 0;
			defaultConfigurationName = Release;
		};
		01A5FC991AA47603004A45FB /* Build configuration list for PBXNativeTarget "Malometer" */ = {
			isa = XCConfigurationList;
			buildConfigurations = (
				01A5FC9A1AA47603004A45FB /* Debug */,
				01A5FC9B1AA47603004A45FB /* Release */,
			);
			defaultConfigurationIsVisible = 0;
			defaultConfigurationName = Release;
		};
		01A5FC9C1AA47603004A45FB /* Build configuration list for PBXNativeTarget "MalometerTests" */ = {
			isa = XCConfigurationList;
			buildConfigurations = (
				01A5FC9D1AA47603004A45FB /* Debug */,
				01A5FC9E1AA47603004A45FB /* Release */,
			);
			defaultConfigurationIsVisible = 0;
			defaultConfigurationName = Release;
		};
/* End XCConfigurationList section */

/* Begin XCVersionGroup section */
		01A5FC7A1AA47603004A45FB /* Malometer.xcdatamodeld */ = {
			isa = XCVersionGroup;
			children = (
				019F8F241AA86FDF00A34F6C /* Malometer 1.1.0.xcdatamodel */,
				01A5FC7B1AA47603004A45FB /* Malometer.xcdatamodel */,
			);
			currentVersion = 019F8F241AA86FDF00A34F6C /* Malometer 1.1.0.xcdatamodel */;
			path = Malometer.xcdatamodeld;
			sourceTree = "<group>";
			versionGroupType = wrapper.xcdatamodel;
		};
/* End XCVersionGroup section */
	};
	rootObject = 01A5FC681AA47603004A45FB /* Project object */;
}
